
Microsoft Visual Studio Solution File, Format Version 12.00
# Visual Studio Version 17
VisualStudioVersion = 17.4.33213.308
MinimumVisualStudioVersion = 10.0.40219.1
Project("{FAE04EC0-301F-11D3-BF4B-00C04F79EFBC}") = "restaurant-automation", "restaurant-automation.csproj", "{F359FB16-B415-4C62-84D6-BF76F47E2E21}"
EndProject
Global
	GlobalSection(SolutionConfigurationPlatforms) = preSolution
		Debug|Any CPU = Debug|Any CPU
		Release|Any CPU = Release|Any CPU
	EndGlobalSection
	GlobalSection(ProjectConfigurationPlatforms) = postSolution
		{F359FB16-B415-4C62-84D6-BF76F47E2E21}.Debug|Any CPU.ActiveCfg = Debug|Any CPU
		{F359FB16-B415-4C62-84D6-BF76F47E2E21}.Debug|Any CPU.Build.0 = Debug|Any CPU
		{F359FB16-B415-4C62-84D6-BF76F47E2E21}.Release|Any CPU.ActiveCfg = Release|Any CPU
		{F359FB16-B415-4C62-84D6-BF76F47E2E21}.Release|Any CPU.Build.0 = Release|Any CPU
	EndGlobalSection
	GlobalSection(SolutionProperties) = preSolution
		HideSolutionNode = FALSE
	EndGlobalSection
	GlobalSection(ExtensibilityGlobals) = postSolution
		SolutionGuid = {14AA494C-5A13-4EA6-AD18-E7FDF2A8B3A4}
	EndGlobalSection
EndGlobal
